{
  "version": 4,
  "terraform_version": "0.12.1",
  "serial": 56,
  "lineage": "b9c2b6a4-1d7d-d76f-4cdb-5df0a9ed9a77",
  "outputs": {},
  "resources": [
    {
      "module": "module.nginx-node",
      "mode": "managed",
      "type": "google_compute_firewall",
      "name": "allow-http-nginx-node",
      "provider": "provider.google",
      "instances": [
        {
          "schema_version": 1,
          "attributes": {
            "allow": [
              {
                "ports": [
                  "80",
                  "22"
                ],
                "protocol": "tcp"
              }
            ],
            "creation_timestamp": "2019-06-06T02:25:46.910-07:00",
            "deny": [],
            "description": "",
            "destination_ranges": [],
            "direction": "INGRESS",
            "disabled": false,
            "id": "allow-http-nginx-node",
            "name": "allow-http-nginx-node",
            "network": "https://www.googleapis.com/compute/v1/projects/terraform-gcp-demo-242908/global/networks/nginx-nodes",
            "priority": 1000,
            "project": "terraform-gcp-demo-242908",
            "self_link": "https://www.googleapis.com/compute/v1/projects/terraform-gcp-demo-242908/global/firewalls/allow-http-nginx-node",
            "source_ranges": [
              "0.0.0.0/0"
            ],
            "source_service_accounts": [],
            "source_tags": [],
            "target_service_accounts": [],
            "target_tags": [
              "nginx-node"
            ],
            "timeouts": null
          },
          "depends_on": [
            "google_compute_network.nginx-nodes"
          ]
        }
      ]
    },
    {
      "module": "module.nginx-node",
      "mode": "managed",
      "type": "google_compute_instance",
      "name": "nginx-node",
      "provider": "provider.google",
      "instances": [
        {
          "schema_version": 6,
          "attributes": {
            "allow_stopping_for_update": null,
            "attached_disk": [],
            "boot_disk": [
              {
                "auto_delete": true,
                "device_name": "persistent-disk-0",
                "disk_encryption_key_raw": "",
                "disk_encryption_key_sha256": "",
                "initialize_params": [
                  {
                    "image": "https://www.googleapis.com/compute/v1/projects/debian-cloud/global/images/debian-9-stretch-v20190514",
                    "size": 10,
                    "type": "pd-standard"
                  }
                ],
                "kms_key_self_link": "",
                "source": "https://www.googleapis.com/compute/v1/projects/terraform-gcp-demo-242908/zones/australia-southeast1-a/disks/nginx-node"
              }
            ],
            "can_ip_forward": false,
            "cpu_platform": "Intel Broadwell",
            "deletion_protection": false,
            "description": null,
            "disk": [],
            "guest_accelerator": [],
            "hostname": "",
            "id": "nginx-node",
            "instance_id": "3749066771497569830",
            "label_fingerprint": "42WmSpB8rSM=",
            "labels": {},
            "machine_type": "n1-standard-2",
            "metadata": {},
            "metadata_fingerprint": "09oBGcAPgv8=",
            "metadata_startup_script": "sudo apt-get -y update\nsudo apt-get -y install \\\n    apt-transport-https \\\n    ca-certificates \\\n    curl \\\n    gnupg2 \\\n    software-properties-common\ncurl -fsSL https://download.docker.com/linux/debian/gpg | sudo apt-key add -\nsudo add-apt-repository \\\n   \"deb [arch=amd64] https://download.docker.com/linux/debian \\\n   $(lsb_release -cs) \\\n   stable\"\nsudo apt-get -y update\nsudo apt-get install -y docker-ce docker-ce-cli containerd.io\nsudo systemctl enable docker\nsudo systemctl start docker\nwhile (! sudo docker stats --no-stream ); do\n  echo \"Waiting for Docker to launch...\"\n  sleep 1\ndone\nsleep 30\nsudo docker run -d --name nginx -p 80:80 nginx  \nwhile [ $(curl -sL -o /dev/null -w \"%{http_code}\" http://localhost) != \"200\" ]; do printf \".\"; sleep 5; done\nmkdir -p html\necho $(curl localhost | sed -e 's/[^[:alpha:]]/ /g' | tr '\\n' \" \" |  tr -s \" \" | tr \" \" '\\n'| tr 'A-Z' 'a-z' | sort | uniq -c | sort -nr | nl | head -1 | awk '{print $3,$2}') \u003e html/index.html\nsudo docker rm -f nginx\nsudo docker run -d --name nginx -v $pwd/html:/usr/share/nginx/html -p 80:80 nginx \n",
            "min_cpu_platform": "",
            "name": "nginx-node",
            "network_interface": [
              {
                "access_config": [
                  {
                    "assigned_nat_ip": "",
                    "nat_ip": "35.244.94.235",
                    "network_tier": "PREMIUM",
                    "public_ptr_domain_name": ""
                  }
                ],
                "address": "",
                "alias_ip_range": [],
                "name": "nic0",
                "network": "https://www.googleapis.com/compute/v1/projects/terraform-gcp-demo-242908/global/networks/nginx-nodes",
                "network_ip": "10.152.0.12",
                "subnetwork": "https://www.googleapis.com/compute/v1/projects/terraform-gcp-demo-242908/regions/australia-southeast1/subnetworks/nginx-nodes",
                "subnetwork_project": "terraform-gcp-demo-242908"
              }
            ],
            "project": "terraform-gcp-demo-242908",
            "scheduling": [
              {
                "automatic_restart": true,
                "node_affinities": [],
                "on_host_maintenance": "MIGRATE",
                "preemptible": false
              }
            ],
            "scratch_disk": [],
            "self_link": "https://www.googleapis.com/compute/v1/projects/terraform-gcp-demo-242908/zones/australia-southeast1-a/instances/nginx-node",
            "service_account": [],
            "shielded_instance_config": [],
            "tags": [
              "nginx-node"
            ],
            "tags_fingerprint": "C6hsD3EaWlk=",
            "timeouts": null,
            "zone": "australia-southeast1-a"
          },
          "depends_on": [
            "google_compute_network.nginx-nodes"
          ]
        }
      ]
    },
    {
      "module": "module.nginx-node",
      "mode": "managed",
      "type": "google_compute_network",
      "name": "nginx-nodes",
      "provider": "provider.google",
      "instances": [
        {
          "schema_version": 0,
          "attributes": {
            "auto_create_subnetworks": true,
            "delete_default_routes_on_create": false,
            "description": "",
            "gateway_ipv4": "",
            "id": "nginx-nodes",
            "ipv4_range": "",
            "name": "nginx-nodes",
            "project": "terraform-gcp-demo-242908",
            "routing_mode": "REGIONAL",
            "self_link": "https://www.googleapis.com/compute/v1/projects/terraform-gcp-demo-242908/global/networks/nginx-nodes",
            "timeouts": null
          }
        }
      ]
    }
  ]
}
